
Microsoft Visual Studio Solution File, Format Version 12.00
# Visual Studio Version 17
VisualStudioVersion = 17.1.32407.343
MinimumVisualStudioVersion = 10.0.40219.1
Project("{9A19103F-16F7-4668-BE54-9A1E7A4F7556}") = "IB.WatchCluster.Abstract", "IB.WatchCluster.Abstract\IB.WatchCluster.Abstract.csproj", "{6D2EE6DA-431F-4695-86D0-70BAB72D476A}"
EndProject
Project("{9A19103F-16F7-4668-BE54-9A1E7A4F7556}") = "IB.WatchCluster.Api", "IB.WatchCluster.Api\IB.WatchCluster.Api.csproj", "{334D5BD2-B061-46A7-B3FA-394AE8BBAA94}"
EndProject
Project("{9A19103F-16F7-4668-BE54-9A1E7A4F7556}") = "IB.WatchCluster.XUnitTest", "IB.WatchCluster.XUnitTest\IB.WatchCluster.XUnitTest.csproj", "{C20CD17D-329E-4718-B8BB-6F3C1E0304E1}"
EndProject
Project("{9A19103F-16F7-4668-BE54-9A1E7A4F7556}") = "IB.WatchCluster.ServiceHost", "IB.WatchCluster.ServiceHost\IB.WatchCluster.ServiceHost.csproj", "{7E905AF2-D9B0-4A0E-83E9-350747323B4B}"
EndProject
Project("{9A19103F-16F7-4668-BE54-9A1E7A4F7556}") = "IB.WatchCluster.DbSink", "IB.WatchCluster.DbSink\IB.WatchCluster.DbSink.csproj", "{23D56221-046D-42D3-9A3F-B9014D63C9B4}"
EndProject
Project("{FAE04EC0-301F-11D3-BF4B-00C04F79EFBC}") = "IB.WatchCluster.DbMigration", "IB.WatchCluster.DbMigration\IB.WatchCluster.DbMigration.csproj", "{B43F8901-766A-408D-824C-ADE2BF222E9A}"
EndProject
Project("{2150E333-8FDC-42A3-9474-1A3956D46DE8}") = "Solution Items", "Solution Items", "{85DF0F41-00D8-4AF0-A0EC-AEE4EEA3C277}"
	ProjectSection(SolutionItems) = preProject
		.github\workflows\main-build.yml = .github\workflows\main-build.yml
	EndProjectSection
EndProject
Global
	GlobalSection(SolutionConfigurationPlatforms) = preSolution
		Debug|Any CPU = Debug|Any CPU
		Release|Any CPU = Release|Any CPU
	EndGlobalSection
	GlobalSection(ProjectConfigurationPlatforms) = postSolution
		{6D2EE6DA-431F-4695-86D0-70BAB72D476A}.Debug|Any CPU.ActiveCfg = Debug|Any CPU
		{6D2EE6DA-431F-4695-86D0-70BAB72D476A}.Debug|Any CPU.Build.0 = Debug|Any CPU
		{6D2EE6DA-431F-4695-86D0-70BAB72D476A}.Release|Any CPU.ActiveCfg = Release|Any CPU
		{6D2EE6DA-431F-4695-86D0-70BAB72D476A}.Release|Any CPU.Build.0 = Release|Any CPU
		{334D5BD2-B061-46A7-B3FA-394AE8BBAA94}.Debug|Any CPU.ActiveCfg = Debug|Any CPU
		{334D5BD2-B061-46A7-B3FA-394AE8BBAA94}.Debug|Any CPU.Build.0 = Debug|Any CPU
		{334D5BD2-B061-46A7-B3FA-394AE8BBAA94}.Release|Any CPU.ActiveCfg = Release|Any CPU
		{334D5BD2-B061-46A7-B3FA-394AE8BBAA94}.Release|Any CPU.Build.0 = Release|Any CPU
		{C20CD17D-329E-4718-B8BB-6F3C1E0304E1}.Debug|Any CPU.ActiveCfg = Debug|Any CPU
		{C20CD17D-329E-4718-B8BB-6F3C1E0304E1}.Debug|Any CPU.Build.0 = Debug|Any CPU
		{C20CD17D-329E-4718-B8BB-6F3C1E0304E1}.Release|Any CPU.ActiveCfg = Release|Any CPU
		{C20CD17D-329E-4718-B8BB-6F3C1E0304E1}.Release|Any CPU.Build.0 = Release|Any CPU
		{7E905AF2-D9B0-4A0E-83E9-350747323B4B}.Debug|Any CPU.ActiveCfg = Debug|Any CPU
		{7E905AF2-D9B0-4A0E-83E9-350747323B4B}.Debug|Any CPU.Build.0 = Debug|Any CPU
		{7E905AF2-D9B0-4A0E-83E9-350747323B4B}.Release|Any CPU.ActiveCfg = Release|Any CPU
		{7E905AF2-D9B0-4A0E-83E9-350747323B4B}.Release|Any CPU.Build.0 = Release|Any CPU
		{23D56221-046D-42D3-9A3F-B9014D63C9B4}.Debug|Any CPU.ActiveCfg = Debug|Any CPU
		{23D56221-046D-42D3-9A3F-B9014D63C9B4}.Debug|Any CPU.Build.0 = Debug|Any CPU
		{23D56221-046D-42D3-9A3F-B9014D63C9B4}.Release|Any CPU.ActiveCfg = Release|Any CPU
		{23D56221-046D-42D3-9A3F-B9014D63C9B4}.Release|Any CPU.Build.0 = Release|Any CPU
		{B43F8901-766A-408D-824C-ADE2BF222E9A}.Debug|Any CPU.ActiveCfg = Debug|Any CPU
		{B43F8901-766A-408D-824C-ADE2BF222E9A}.Debug|Any CPU.Build.0 = Debug|Any CPU
		{B43F8901-766A-408D-824C-ADE2BF222E9A}.Release|Any CPU.ActiveCfg = Release|Any CPU
		{B43F8901-766A-408D-824C-ADE2BF222E9A}.Release|Any CPU.Build.0 = Release|Any CPU
	EndGlobalSection
	GlobalSection(SolutionProperties) = preSolution
		HideSolutionNode = FALSE
	EndGlobalSection
	GlobalSection(ExtensibilityGlobals) = postSolution
		SolutionGuid = {E3ED0D30-9C28-43D9-ACE4-4A116428A1E4}
	EndGlobalSection
EndGlobal
